hash: d3c7a5080c042421dfeca49d885e0de08bf0b5053af891a14847c8cd5fe74714
updated: 2018-04-30T16:56:57.177863885-04:00
imports:
- name: code.cloudfoundry.org/go-diodes
  version: 361f4b34988b402fbf4d5b744cc9b35959c2ac4e
- name: github.com/cespare/xxhash
  version: 5c37fe3735342a2e0d01c87a907579987c8936cc
- name: github.com/codahale/hdrhistogram
  version: 3a0bb77429bd3a61596f5e8a3172445844342120
- name: github.com/dchest/siphash
  version: 4ebf1de738443ea7f45f02dc394c4df1942a126d
- name: github.com/dgryski/go-farm
  version: 2de33835d10275975374b37b2dcfd22c9020a1f5
- name: github.com/dgryski/go-highway
  version: 6218551990942dee1a9689662919d4d4601b86ce
- name: github.com/dgryski/go-marvin32
  version: b9e766f9d148d0c81c33a69245467d14c11ab3f4
- name: github.com/dgryski/go-metro
  version: 280f6062b5bc97ee9b9afe7f2ccb361e59845baa
- name: github.com/dgryski/go-sip13
  version: 9cdcd33273afbf1d7d6da5620e103746294dabda
- name: github.com/dgryski/go-spooky
  version: ed3d087f40e29d80bfe4d9c1c1f2d4885eb1b82a
- name: github.com/dgryski/go-stadtx
  version: 3c3d9b328c24a9b5ecd370654cd6e9d60a85752d
- name: github.com/dgryski/go-t1ha
  version: d42c050643ba3f1f03c1563aaccd3b3035098560
- name: github.com/dgryski/trifles
  version: fb6752171ea11a9a1a76a7627db6290dbd4ceaf0
  subpackages:
  - tsip/go
- name: github.com/intel-go/cpuid
  version: ec7157e9698925f3ed066c1eeecb7059e0c3422e
- name: github.com/kavu/go_reuseport
  version: 5f2ed2cad19279ccb56ddbd38220e6c9803dfe65
- name: github.com/mailru/easyjson
  version: 8b799c424f57fa123fc63a99d6383bc6e4c02578
  subpackages:
  - buffer
  - jlexer
  - jwriter
- name: github.com/loov/hrtime
  version: e5714d984499d6146be24667cbcc40b6855e2409
- name: github.com/minio/blake2b-simd
  version: 3f5f724cb5b182a5c278d6d3d55b40e7f8c2efb4
- name: github.com/minio/highwayhash
  version: 9c7e959d92fc8c6ee2cccdf74ae48685816768e2
- name: github.com/OneOfOne/xxhash
  version: 4e9e81466dc37c9fd94ce9ecf42020ef54112203
- name: github.com/onsi/ginkgo
  version: 9eda700730cba42af70d53180f9dcce9266bc2bc
- name: github.com/onsi/gomega
  version: 003f63b7f4cff3fc95357005358af2de0f5fe152
- name: github.com/opennota/fasthash
  version: b619b4c25b8109061ba3c7fec088f9cb289b548c
- name: github.com/pltr/onering
  version: d6089249bf5c09f35d7e73dcbfa7ca6762757348
- name: github.com/rbastic/go-zaphod64
  version: 51824b1f1f4db0bdeb89c6a53ccdac361e1fc738
- name: github.com/smartystreets/go-disruptor
  version: 1d1ef7a0321ccbe402c145b20ec0ad7546ba8f0e
- name: github.com/surge/cityhash
  version: cdd6a94144ab18dd21ad865a3aa6837585bffa15
- name: github.com/tidwall/evio
  version: 751f59108ad87aaef43e243de036301d233baddb
  subpackages:
  - internal
- name: github.com/tidwall/fastlane
  version: bd0d2fb0d6cc34bd870e991e2659db8e476435da
- name: github.com/tidwall/spinlock
  version: 9caf128cdc6499297f5c15f06a50f6aa84e30a19
- name: github.com/tylertreat/hdrhistogram-writer
  version: 73b8d31ba571535864ea87c5c3df0361b90a3350
- name: github.com/Workiva/go-datastructures
  version: 01f52d4880ca171ab1033bb0ee03cda8e0a31cc3
- name: golang.org/x/net
  version: 5f9ae10d9af5b1c89ae6904293b14b064d4ada23
  subpackages:
  - html/charset
- name: golang.org/x/text
  version: f21a4dfb5e38f5895301dc265a8def02365cc3d0
  subpackages:
  - encoding
- name: golang.org/x/tools
  version: 8e070db38e5c55da6a85c81878ab769bf5667848
  subpackages:
  - benchmark/parse
- name: gopkg.in/yaml.v2
  version: 5420a8b6744d3b0345ab293f6fcba19c978f1183
testImports: []
